// !$*UTF8*$!
{
	archiveVersion = 1;
	classes = {
	};
	objectVersion = 46;
	objects = {

/* Begin PBXBuildFile section */
		252AA3961C9771BC00EE4FD2 /* AppDelegate.swift in Sources */ = {isa = PBXBuildFile; fileRef = 252AA3951C9771BC00EE4FD2 /* AppDelegate.swift */; };
		252AA3981C9771BC00EE4FD2 /* ViewController.swift in Sources */ = {isa = PBXBuildFile; fileRef = 252AA3971C9771BC00EE4FD2 /* ViewController.swift */; };
		252AA39B1C9771BC00EE4FD2 /* Main.storyboard in Resources */ = {isa = PBXBuildFile; fileRef = 252AA3991C9771BC00EE4FD2 /* Main.storyboard */; };
		252AA39D1C9771BC00EE4FD2 /* Assets.xcassets in Resources */ = {isa = PBXBuildFile; fileRef = 252AA39C1C9771BC00EE4FD2 /* Assets.xcassets */; };
		252AA3A01C9771BC00EE4FD2 /* LaunchScreen.storyboard in Resources */ = {isa = PBXBuildFile; fileRef = 252AA39E1C9771BC00EE4FD2 /* LaunchScreen.storyboard */; };
/* End PBXBuildFile section */

/* Begin PBXFileReference section */
		252AA3921C9771BC00EE4FD2 /* Quiz.app */ = {isa = PBXFileReference; explicitFileType = wrapper.application; includeInIndex = 0; path = Quiz.app; sourceTree = BUILT_PRODUCTS_DIR; };
		252AA3951C9771BC00EE4FD2 /* AppDelegate.swift */ = {isa = PBXFileReference; lastKnownFileType = sourcecode.swift; path = AppDelegate.swift; sourceTree = "<group>"; };
		252AA3971C9771BC00EE4FD2 /* ViewController.swift */ = {isa = PBXFileReference; lastKnownFileType = sourcecode.swift; path = ViewController.swift; sourceTree = "<group>"; };
		252AA39A1C9771BC00EE4FD2 /* Base */ = {isa = PBXFileReference; lastKnownFileType = file.storyboard; name = Base; path = Base.lproj/Main.storyboard; sourceTree = "<group>"; };
		252AA39C1C9771BC00EE4FD2 /* Assets.xcassets */ = {isa = PBXFileReference; lastKnownFileType = folder.assetcatalog; path = Assets.xcassets; sourceTree = "<group>"; };
		252AA39F1C9771BC00EE4FD2 /* Base */ = {isa = PBXFileReference; lastKnownFileType = file.storyboard; name = Base; path = Base.lproj/LaunchScreen.storyboard; sourceTree = "<group>"; };
		252AA3A11C9771BD00EE4FD2 /* Info.plist */ = {isa = PBXFileReference; lastKnownFileType = text.plist.xml; path = Info.plist; sourceTree = "<group>"; };
/* End PBXFileReference section */

/* Begin PBXFrameworksBuildPhase section */
		252AA38F1C9771BC00EE4FD2 /* Frameworks */ = {
			isa = PBXFrameworksBuildPhase;
			buildActionMask = 2147483647;
			files = (
			);
			runOnlyForDeploymentPostprocessing = 0;
		};
/* End PBXFrameworksBuildPhase section */

/* Begin PBXGroup section */
		252AA3891C9771BC00EE4FD2 = {
			isa = PBXGroup;
			children = (
				252AA3941C9771BC00EE4FD2 /* Quiz */,
				252AA3931C9771BC00EE4FD2 /* Products */,
			);
			sourceTree = "<group>";
		};
		252AA3931C9771BC00EE4FD2 /* Products */ = {
			isa = PBXGroup;
			children = (
				252AA3921C9771BC00EE4FD2 /* Quiz.app */,
			);
			name = Products;
			sourceTree = "<group>";
		};
		252AA3941C9771BC00EE4FD2 /* Quiz */ = {
			isa = PBXGroup;
			children = (
				252AA3951C9771BC00EE4FD2 /* AppDelegate.swift */,
				252AA3971C9771BC00EE4FD2 /* ViewController.swift */,
				252AA3991C9771BC00EE4FD2 /* Main.storyboard */,
				252AA39C1C9771BC00EE4FD2 /* Assets.xcassets */,
				252AA39E1C9771BC00EE4FD2 /* LaunchScreen.storyboard */,
				252AA3A11C9771BD00EE4FD2 /* Info.plist */,
			);
			path = Quiz;
			sourceTree = "<group>";
		};
/* End PBXGroup section */

/* Begin PBXNativeTarget section */
		252AA3911C9771BC00EE4FD2 /* Quiz */ = {
			isa = PBXNativeTarget;
			buildConfigurationList = 252AA3A41C9771BD00EE4FD2 /* Build configuration list for PBXNativeTarget "Quiz" */;
			buildPhases = (
				252AA38E1C9771BC00EE4FD2 /* Sources */,
				252AA38F1C9771BC00EE4FD2 /* Frameworks */,
				252AA3901C9771BC00EE4FD2 /* Resources */,
			);
			buildRules = (
			);
			dependencies = (
			);
			name = Quiz;
			productName = Quiz;
			productReference = 252AA3921C9771BC00EE4FD2 /* Quiz.app */;
			productType = "com.apple.product-type.application";
		};
/* End PBXNativeTarget section */

/* Begin PBXProject section */
		252AA38A1C9771BC00EE4FD2 /* Project object */ = {
			isa = PBXProject;
			attributes = {
				LastSwiftUpdateCheck = 0720;
				LastUpgradeCheck = 0720;
				ORGANIZATIONNAME = synesthesia;
				TargetAttributes = {
					252AA3911C9771BC00EE4FD2 = {
						CreatedOnToolsVersion = 7.2;
					};
				};
			};
			buildConfigurationList = 252AA38D1C9771BC00EE4FD2 /* Build configuration list for PBXProject "Quiz" */;
			compatibilityVersion = "Xcode 3.2";
			developmentRegion = English;
			hasScannedForEncodings = 0;
			knownRegions = (
				en,
				Base,
			);
			mainGroup = 252AA3891C9771BC00EE4FD2;
			productRefGroup = 252AA3931C9771BC00EE4FD2 /* Products */;
			projectDirPath = "";
			projectRoot = "";
			targets = (
				252AA3911C9771BC00EE4FD2 /* Quiz */,
			);
		};
/* End PBXProject section */

/* Begin PBXResourcesBuildPhase section */
		252AA3901C9771BC00EE4FD2 /* Resources */ = {
			isa = PBXResourcesBuildPhase;
			buildActionMask = 2147483647;
			files = (
				252AA3A01C9771BC00EE4FD2 /* LaunchScreen.storyboard in Resources */,
				252AA39D1C9771BC00EE4FD2 /* Assets.xcassets in Resources */,
				252AA39B1C9771BC00EE4FD2 /* Main.storyboard in Resources */,
			);
			runOnlyForDeploymentPostprocessing = 0;
		};
/* End PBXResourcesBuildPhase section */

/* Begin PBXSourcesBuildPhase section */
		252AA38E1C9771BC00EE4FD2 /* Sources */ = {
			isa = PBXSourcesBuildPhase;
			buildActionMask = 2147483647;
			files = (
				252AA3981C9771BC00EE4FD2 /* ViewController.swift in Sources */,
				252AA3961C9771BC00EE4FD2 /* AppDelegate.swift in Sources */,
			);
			runOnlyForDeploymentPostprocessing = 0;
		};
/* End PBXSourcesBuildPhase section */

/* Begin PBXVariantGroup section */
		252AA3991C9771BC00EE4FD2 /* Main.storyboard */ = {
			isa = PBXVariantGroup;
			children = (
				252AA39A1C9771BC00EE4FD2 /* Base */,
			);
			name = Main.storyboard;
			sourceTree = "<group>";
		};
		252AA39E1C9771BC00EE4FD2 /* LaunchScreen.storyboard */ = {
			isa = PBXVariantGroup;
			children = (
				252AA39F1C9771BC00EE4FD2 /* Base */,
			);
			name = LaunchScreen.storyboard;
			sourceTree = "<group>";
		};
/* End PBXVariantGroup section */

/* Begin XCBuildConfiguration section */
		252AA3A21C9771BD00EE4FD2 /* Debug */ = {
			isa = XCBuildConfiguration;
			buildSettings = {
				ALWAYS_SEARCH_USER_PATHS = NO;
				CLANG_CXX_LANGUAGE_STANDARD = "gnu++0x";
				CLANG_CXX_LIBRARY = "libc++";
				CLANG_ENABLE_MODULES = YES;
				CLANG_ENABLE_OBJC_ARC = YES;
				CLANG_WARN_BOOL_CONVERSION = YES;
				CLANG_WARN_CONSTANT_CONVERSION = YES;
				CLANG_WARN_DIRECT_OBJC_ISA_USAGE = YES_ERROR;
				CLANG_WARN_EMPTY_BODY = YES;
				CLANG_WARN_ENUM_CONVERSION = YES;
				CLANG_WARN_INT_CONVERSION = YES;
				CLANG_WARN_OBJC_ROOT_CLASS = YES_ERROR;
				CLANG_WARN_UNREACHABLE_CODE = YES;
				CLANG_WARN__DUPLICATE_METHOD_MATCH = YES;
				"CODE_SIGN_IDENTITY[sdk=iphoneos*]" = "iPhone Developer";
				COPY_PHASE_STRIP = NO;
				DEBUG_INFORMATION_FORMAT = dwarf;
				ENABLE_STRICT_OBJC_MSGSEND = YES;
				ENABLE_TESTABILITY = YES;
				GCC_C_LANGUAGE_STANDARD = gnu99;
				GCC_DYNAMIC_NO_PIC = NO;
				GCC_NO_COMMON_BLOCKS = YES;
				GCC_OPTIMIZATION_LEVEL = 0;
				GCC_PREPROCESSOR_DEFINITIONS = (
					"DEBUG=1",
					"$(inherited)",
				);
				GCC_WARN_64_TO_32_BIT_CONVERSION = YES;
				GCC_WARN_ABOUT_RETURN_TYPE = YES_ERROR;
				GCC_WARN_UNDECLARED_SELECTOR = YES;
				GCC_WARN_UNINITIALIZED_AUTOS = YES_AGGRESSIVE;
				GCC_WARN_UNUSED_FUNCTION = YES;
				GCC_WARN_UNUSED_VARIABLE = YES;
				IPHONEOS_DEPLOYMENT_TARGET = 9.2;
				MTL_ENABLE_DEBUG_INFO = YES;
				ONLY_ACTIVE_ARCH = YES;
				SDKROOT = iphoneos;
				SWIFT_OPTIMIZATION_LEVEL = "-Onone";
				TARGETED_DEVICE_FAMILY = "1,2";
			};
			name = Debug;
		};
		252AA3A31C9771BD00EE4FD2 /* Release */ = {
			isa = XCBuildConfiguration;
			buildSettings = {
				ALWAYS_SEARCH_USER_PATHS = NO;
				CLANG_CXX_LANGUAGE_STANDARD = "gnu++0x";
				CLANG_CXX_LIBRARY = "libc++";
				CLANG_ENABLE_MODULES = YES;
				CLANG_ENABLE_OBJC_ARC = YES;
				CLANG_WARN_BOOL_CONVERSION = YES;
				CLANG_WARN_CONSTANT_CONVERSION = YES;
				CLANG_WARN_DIRECT_OBJC_ISA_USAGE = YES_ERROR;
				CLANG_WARN_EMPTY_BODY = YES;
				CLANG_WARN_ENUM_CONVERSION = YES;
				CLANG_WARN_INT_CONVERSION = YES;
				CLANG_WARN_OBJC_ROOT_CLASS = YES_ERROR;
				CLANG_WARN_UNREACHABLE_CODE = YES;
				CLANG_WARN__DUPLICATE_METHOD_MATCH = YES;
				"CODE_SIGN_IDENTITY[sdk=iphoneos*]" = "iPhone Developer";
				COPY_PHASE_STRIP = NO;
				DEBUG_INFORMATION_FORMAT = "dwarf-with-dsym";
				ENABLE_NS_ASSERTIONS = NO;
				ENABLE_STRICT_OBJC_MSGSEND = YES;
				GCC_C_LANGUAGE_STANDARD = gnu99;
				GCC_NO_COMMON_BLOCKS = YES;
				GCC_WARN_64_TO_32_BIT_CONVERSION = YES;
				GCC_WARN_ABOUT_RETURN_TYPE = YES_ERROR;
				GCC_WARN_UNDECLARED_SELECTOR = YES;
				GCC_WARN_UNINITIALIZED_AUTOS = YES_AGGRESSIVE;
				GCC_WARN_UNUSED_FUNCTION = YES;
				GCC_WARN_UNUSED_VARIABLE = YES;
				IPHONEOS_DEPLOYMENT_TARGET = 9.2;
				MTL_ENABLE_DEBUG_INFO = NO;
				SDKROOT = iphoneos;
				TARGETED_DEVICE_FAMILY = "1,2";
				VALIDATE_PRODUCT = YES;
			};
			name = Release;
		};
		252AA3A51C9771BD00EE4FD2 /* Debug */ = {
			isa = XCBuildConfiguration;
			buildSettings = {
				ASSETCATALOG_COMPILER_APPICON_NAME = AppIcon;
				INFOPLIST_FILE = Quiz/Info.plist;
				LD_RUNPATH_SEARCH_PATHS = "$(inherited) @executable_path/Frameworks";
				PRODUCT_BUNDLE_IDENTIFIER = synesthesia.Quiz;
				PRODUCT_NAME = "$(TARGET_NAME)";
			};
			name = Debug;
		};
		252AA3A61C9771BD00EE4FD2 /* Release */ = {
			isa = XCBuildConfiguration;
			buildSettings = {
				ASSETCATALOG_COMPILER_APPICON_NAME = AppIcon;
				INFOPLIST_FILE = Quiz/Info.plist;
				LD_RUNPATH_SEARCH_PATHS = "$(inherited) @executable_path/Frameworks";
				PRODUCT_BUNDLE_IDENTIFIER = synesthesia.Quiz;
				PRODUCT_NAME = "$(TARGET_NAME)";
			};
			name = Release;
		};
/* End XCBuildConfiguration section */

/* Begin XCConfigurationList section */
		252AA38D1C9771BC00EE4FD2 /* Build configuration list for PBXProject "Quiz" */ = {
			isa = XCConfigurationList;
			buildConfigurations = (
				252AA3A21C9771BD00EE4FD2 /* Debug */,
				252AA3A31C9771BD00EE4FD2 /* Release */,
			);
			defaultConfigurationIsVisible = 0;
			defaultConfigurationName = Release;
		};
		252AA3A41C9771BD00EE4FD2 /* Build configuration list for PBXNativeTarget "Quiz" */ = {
			isa = XCConfigurationList;
			buildConfigurations = (
				252AA3A51C9771BD00EE4FD2 /* Debug */,
				252AA3A61C9771BD00EE4FD2 /* Release */,
			);
			defaultConfigurationIsVisible = 0;
		};
/* End XCConfigurationList section */
	};
	rootObject = 252AA38A1C9771BC00EE4FD2 /* Project object */;
}
